
Microsoft Visual Studio Solution File, Format Version 12.00
# Visual Studio Version 17
VisualStudioVersion = 17.9.34607.119
MinimumVisualStudioVersion = 10.0.40219.1
Project("{FAE04EC0-301F-11D3-BF4B-00C04F79EFBC}") = "Q1", "Q1\Q1.csproj", "{2148DBEA-CD2F-49C2-9799-D93C71F773FE}"
EndProject
Project("{FAE04EC0-301F-11D3-BF4B-00C04F79EFBC}") = "OMSLibrary", "OMSLibrary\OMSLibrary.csproj", "{55009C3D-1A2A-4BBA-86E1-0C330E0F7B91}"
EndProject
Global
	GlobalSection(SolutionConfigurationPlatforms) = preSolution
		Debug|Any CPU = Debug|Any CPU
		Release|Any CPU = Release|Any CPU
	EndGlobalSection
	GlobalSection(ProjectConfigurationPlatforms) = postSolution
		{2148DBEA-CD2F-49C2-9799-D93C71F773FE}.Debug|Any CPU.ActiveCfg = Debug|Any CPU
		{2148DBEA-CD2F-49C2-9799-D93C71F773FE}.Debug|Any CPU.Build.0 = Debug|Any CPU
		{2148DBEA-CD2F-49C2-9799-D93C71F773FE}.Release|Any CPU.ActiveCfg = Release|Any CPU
		{2148DBEA-CD2F-49C2-9799-D93C71F773FE}.Release|Any CPU.Build.0 = Release|Any CPU
		{55009C3D-1A2A-4BBA-86E1-0C330E0F7B91}.Debug|Any CPU.ActiveCfg = Debug|Any CPU
		{55009C3D-1A2A-4BBA-86E1-0C330E0F7B91}.Debug|Any CPU.Build.0 = Debug|Any CPU
		{55009C3D-1A2A-4BBA-86E1-0C330E0F7B91}.Release|Any CPU.ActiveCfg = Release|Any CPU
		{55009C3D-1A2A-4BBA-86E1-0C330E0F7B91}.Release|Any CPU.Build.0 = Release|Any CPU
	EndGlobalSection
	GlobalSection(SolutionProperties) = preSolution
		HideSolutionNode = FALSE
	EndGlobalSection
	GlobalSection(ExtensibilityGlobals) = postSolution
		SolutionGuid = {BEC8F781-4E39-4607-8B50-02159F37F125}
	EndGlobalSection
EndGlobal
